{
  "name": "backend",
  "lockfileVersion": 3,
  "requires": true,
  "packages": {
    "": {
      "dependencies": {
        "@11labs/client": "^0.0.4",
        "dotenv": "^16.4.7"
      }
    },
    "node_modules/@11labs/client": {
      "version": "0.0.4",
      "resolved": "https://registry.npmjs.org/@11labs/client/-/client-0.0.4.tgz",
      "integrity": "sha512-BldXyZsTtiS8Db3RTDxuk1B+Gx7pj7xxUWS5MJA3CfvKegDJeX979l3s3ZJ4StBLM2VaOTf3b2c5NUTy41a3nQ==",
      "license": "MIT"
    },
    "node_modules/dotenv": {
      "version": "16.4.7",
      "resolved": "https://registry.npmjs.org/dotenv/-/dotenv-16.4.7.tgz",
      "integrity": "sha512-47qPchRCykZC03FhkYAhrvwU4xDBFIj1QPqaarj6mdM/hgUzfPHcpkHJOn3mJAufFeeAxAzeGsr5X0M4k6fLZQ==",
      "license": "BSD-2-Clause",
      "engines": {
        "node": ">=12"
      },
      "funding": {
        "url": "https://dotenvx.com"
      }
    }
  }
}
